
Microsoft Visual Studio Solution File, Format Version 12.00
# Visual Studio Version 17
VisualStudioVersion = 17.11.35327.3
MinimumVisualStudioVersion = 10.0.40219.1
Project("{9A19103F-16F7-4668-BE54-9A1E7A4F7556}") = "AvaliacaoAtak", "AvaliacaoAtak\AvaliacaoAtak.csproj", "{AF995BDC-47AE-4EF1-BBD6-BED47721C329}"
EndProject
Project("{FAE04EC0-301F-11D3-BF4B-00C04F79EFBC}") = "UnitTestsTasks", "UnitTestsTasks\UnitTestsTasks.csproj", "{34078C11-F727-4ACA-A2BF-5D0944562D12}"
EndProject
Global
	GlobalSection(SolutionConfigurationPlatforms) = preSolution
		Debug|Any CPU = Debug|Any CPU
		Release|Any CPU = Release|Any CPU
	EndGlobalSection
	GlobalSection(ProjectConfigurationPlatforms) = postSolution
		{AF995BDC-47AE-4EF1-BBD6-BED47721C329}.Debug|Any CPU.ActiveCfg = Debug|Any CPU
		{AF995BDC-47AE-4EF1-BBD6-BED47721C329}.Debug|Any CPU.Build.0 = Debug|Any CPU
		{AF995BDC-47AE-4EF1-BBD6-BED47721C329}.Release|Any CPU.ActiveCfg = Release|Any CPU
		{AF995BDC-47AE-4EF1-BBD6-BED47721C329}.Release|Any CPU.Build.0 = Release|Any CPU
		{34078C11-F727-4ACA-A2BF-5D0944562D12}.Debug|Any CPU.ActiveCfg = Debug|Any CPU
		{34078C11-F727-4ACA-A2BF-5D0944562D12}.Debug|Any CPU.Build.0 = Debug|Any CPU
		{34078C11-F727-4ACA-A2BF-5D0944562D12}.Release|Any CPU.ActiveCfg = Release|Any CPU
		{34078C11-F727-4ACA-A2BF-5D0944562D12}.Release|Any CPU.Build.0 = Release|Any CPU
	EndGlobalSection
	GlobalSection(SolutionProperties) = preSolution
		HideSolutionNode = FALSE
	EndGlobalSection
	GlobalSection(ExtensibilityGlobals) = postSolution
		SolutionGuid = {2044222D-3C4F-43CF-89FF-317450D8D189}
	EndGlobalSection
EndGlobal
